<?xml version="1.0" encoding="utf-8"?>
<Project ToolsVersion="4.0" xmlns="http://schemas.microsoft.com/developer/msbuild/2003">
  <ItemGroup>
    <Filter Include="Source Files">
      <UniqueIdentifier>{4FC737F1-C7A5-4376-A066-2A32D752A2FF}</UniqueIdentifier>
      <Extensions>cpp;c;cc;cxx;c++;cppm;ixx;def;odl;idl;hpj;bat;asm;asmx</Extensions>
    </Filter>
    <Filter Include="Header Files">
      <UniqueIdentifier>{93995380-89BD-4b04-88EB-625FBE52EBFB}</UniqueIdentifier>
      <Extensions>h;hh;hpp;hxx;h++;hm;inl;inc;ipp;xsd</Extensions>
    </Filter>
    <Filter Include="Resource Files">
      <UniqueIdentifier>{67DA6AB6-F800-4c08-8B7A-83BB121AAD01}</UniqueIdentifier>
      <Extensions>rc;ico;cur;bmp;dlg;rc2;rct;bin;rgs;gif;jpg;jpeg;jpe;resx;tiff;tif;png;wav;mfcribbon-ms</Extensions>
    </Filter>
    <Filter Include="Shared Header Files">
      <UniqueIdentifier>{ec065cc0-f2cf-448a-9e2a-b4db05ec85f8}</UniqueIdentifier>
    </Filter>
    <Filter Include="Shared Source Files">
      <UniqueIdentifier>{228a2c5f-2a9a-4de5-9e8d-e04e52013115}</UniqueIdentifier>
    </Filter>
  </ItemGroup>
  <ItemGroup>
    <ClInclude Include="main_client.h">
      <Filter>Header Files</Filter>
    </ClInclude>
    <ClInclude Include="..\share\hardcodeddata.h">
      <Filter>Shared Header Files</Filter>
    </ClInclude>
    <ClInclude Include="..\share\sharedMessagesProcess.h">
      <Filter>Shared Header Files</Filter>
    </ClInclude>
    <ClInclude Include="..\share\stringProcessor.h">
      <Filter>Shared Header Files</Filter>
    </ClInclude>
    <ClInclude Include="..\share\SocketSendRecvTools.h">
      <Filter>Shared Header Files</Filter>
    </ClInclude>
    <ClInclude Include="BullsAndCows.h">
      <Filter>Header Files</Filter>
    </ClInclude>
  </ItemGroup>
  <ItemGroup>
    <ClCompile Include="main_client.c">
      <Filter>Source Files</Filter>
    </ClCompile>
    <ClCompile Include="..\share\sharedMessagesProcess.c">
      <Filter>Shared Source Files</Filter>
    </ClCompile>
    <ClCompile Include="..\share\stringProcessor.c">
      <Filter>Shared Source Files</Filter>
    </ClCompile>
    <ClCompile Include="..\share\SocketSendRecvTools.c">
      <Filter>Shared Source Files</Filter>
    </ClCompile>
    <ClCompile Include="BullsAndCows.c">
      <Filter>Source Files</Filter>
    </ClCompile>
  </ItemGroup>
</Project>