<?xml version="1.0" encoding="utf-8"?>
<Project ToolsVersion="4.0" xmlns="http://schemas.microsoft.com/developer/msbuild/2003">
  <ItemGroup>
    <Filter Include="Source Files">
      <UniqueIdentifier>{4FC737F1-C7A5-4376-A066-2A32D752A2FF}</UniqueIdentifier>
      <Extensions>cpp;c;cc;cxx;c++;cppm;ixx;def;odl;idl;hpj;bat;asm;asmx</Extensions>
    </Filter>
    <Filter Include="Header Files">
      <UniqueIdentifier>{93995380-89BD-4b04-88EB-625FBE52EBFB}</UniqueIdentifier>
      <Extensions>h;hh;hpp;hxx;h++;hm;inl;inc;ipp;xsd</Extensions>
    </Filter>
    <Filter Include="Shared Source Files">
      <UniqueIdentifier>{c2561a96-3e60-42f6-8459-56ab10080b30}</UniqueIdentifier>
    </Filter>
    <Filter Include="Shared Header Files">
      <UniqueIdentifier>{5eb2d841-2e85-41f4-b68d-51928875b005}</UniqueIdentifier>
    </Filter>
    <Filter Include="Shared Header Files\Resource Files">
      <UniqueIdentifier>{67DA6AB6-F800-4c08-8B7A-83BB121AAD01}</UniqueIdentifier>
      <Extensions>rc;ico;cur;bmp;dlg;rc2;rct;bin;rgs;gif;jpg;jpeg;jpe;resx;tiff;tif;png;wav;mfcribbon-ms</Extensions>
    </Filter>
  </ItemGroup>
  <ItemGroup>
    <ClCompile Include="servicethread.c">
      <Filter>Source Files</Filter>
    </ClCompile>
    <ClCompile Include="..\share\sharedMessagesProcess.c">
      <Filter>Shared Source Files</Filter>
    </ClCompile>
    <ClCompile Include="serverFullThread.c">
      <Filter>Source Files</Filter>
    </ClCompile>
    <ClCompile Include="..\share\WinsockFunc.c">
      <Filter>Shared Source Files</Filter>
    </ClCompile>
    <ClCompile Include="serverManager.c">
      <Filter>Source Files</Filter>
    </ClCompile>
    <ClCompile Include="main.c">
      <Filter>Source Files</Filter>
    </ClCompile>
    <ClCompile Include="ThreadsCommunication.c">
      <Filter>Source Files</Filter>
    </ClCompile>
  </ItemGroup>
  <ItemGroup>
    <ClInclude Include="servicethread.h">
      <Filter>Header Files</Filter>
    </ClInclude>
    <ClInclude Include="..\share\hardcodeddata.h">
      <Filter>Shared Header Files</Filter>
    </ClInclude>
    <ClInclude Include="..\share\sharedMessagesProcess.h">
      <Filter>Shared Header Files</Filter>
    </ClInclude>
    <ClInclude Include="serverFullThread.h">
      <Filter>Header Files</Filter>
    </ClInclude>
    <ClInclude Include="..\share\WinsockFunc.h">
      <Filter>Shared Header Files</Filter>
    </ClInclude>
    <ClInclude Include="serverManager.h">
      <Filter>Header Files</Filter>
    </ClInclude>
    <ClInclude Include="main.h">
      <Filter>Header Files</Filter>
    </ClInclude>
    <ClInclude Include="ThreadsCommunication.h">
      <Filter>Header Files</Filter>
    </ClInclude>
  </ItemGroup>
</Project>